
Microsoft Visual Studio Solution File, Format Version 12.00
# Visual Studio Version 17
VisualStudioVersion = 17.7.34003.232
MinimumVisualStudioVersion = 10.0.40219.1
Project("{FAE04EC0-301F-11D3-BF4B-00C04F79EFBC}") = "DEMO", "DEMO.csproj", "{5982AD25-AF16-495D-AA08-9A446A9B468B}"
EndProject
Global
	GlobalSection(SolutionConfigurationPlatforms) = preSolution
		Debug|Any CPU = Debug|Any CPU
		Release|Any CPU = Release|Any CPU
	EndGlobalSection
	GlobalSection(ProjectConfigurationPlatforms) = postSolution
		{5982AD25-AF16-495D-AA08-9A446A9B468B}.Debug|Any CPU.ActiveCfg = Debug|Any CPU
		{5982AD25-AF16-495D-AA08-9A446A9B468B}.Debug|Any CPU.Build.0 = Debug|Any CPU
		{5982AD25-AF16-495D-AA08-9A446A9B468B}.Release|Any CPU.ActiveCfg = Release|Any CPU
		{5982AD25-AF16-495D-AA08-9A446A9B468B}.Release|Any CPU.Build.0 = Release|Any CPU
	EndGlobalSection
	GlobalSection(SolutionProperties) = preSolution
		HideSolutionNode = FALSE
	EndGlobalSection
	GlobalSection(ExtensibilityGlobals) = postSolution
		SolutionGuid = {E7FB3359-C8C8-469B-93B7-6CB7E6A49968}
	EndGlobalSection
EndGlobal
